
Microsoft Visual Studio Solution File, Format Version 12.00
# Visual Studio Version 16
VisualStudioVersion = 16.0.28714.193
MinimumVisualStudioVersion = 10.0.40219.1
Project("{FAE04EC0-301F-11D3-BF4B-00C04F79EFBC}") = "Lib_runbook", "Lib_runbook\Lib_runbook.csproj", "{B8381B84-4B07-41FE-873F-3052AFC0F0D1}"
EndProject
Project("{FAE04EC0-301F-11D3-BF4B-00C04F79EFBC}") = "App_Web", "App_Web\App_Web.csproj", "{7EEB3B74-E0C0-44F2-9169-D4AC9429AD40}"
EndProject
Project("{FAE04EC0-301F-11D3-BF4B-00C04F79EFBC}") = "Dal_SOFD", "Dal_SOFD\Dal_SOFD.csproj", "{B2141FC3-5CF4-4F0B-B1E2-90829E8E2F62}"
EndProject
Project("{FAE04EC0-301F-11D3-BF4B-00C04F79EFBC}") = "Lib_ActiveDirectory", "Lib_ActiveDirectory\Lib_ActiveDirectory.csproj", "{4094640F-D5EB-4449-A50F-72BBB7AFE162}"
EndProject
Global
	GlobalSection(SolutionConfigurationPlatforms) = preSolution
		Debug|Any CPU = Debug|Any CPU
		Release|Any CPU = Release|Any CPU
	EndGlobalSection
	GlobalSection(ProjectConfigurationPlatforms) = postSolution
		{B8381B84-4B07-41FE-873F-3052AFC0F0D1}.Debug|Any CPU.ActiveCfg = Debug|Any CPU
		{B8381B84-4B07-41FE-873F-3052AFC0F0D1}.Debug|Any CPU.Build.0 = Debug|Any CPU
		{B8381B84-4B07-41FE-873F-3052AFC0F0D1}.Release|Any CPU.ActiveCfg = Release|Any CPU
		{B8381B84-4B07-41FE-873F-3052AFC0F0D1}.Release|Any CPU.Build.0 = Release|Any CPU
		{7EEB3B74-E0C0-44F2-9169-D4AC9429AD40}.Debug|Any CPU.ActiveCfg = Debug|Any CPU
		{7EEB3B74-E0C0-44F2-9169-D4AC9429AD40}.Debug|Any CPU.Build.0 = Debug|Any CPU
		{7EEB3B74-E0C0-44F2-9169-D4AC9429AD40}.Release|Any CPU.ActiveCfg = Release|Any CPU
		{7EEB3B74-E0C0-44F2-9169-D4AC9429AD40}.Release|Any CPU.Build.0 = Release|Any CPU
		{B2141FC3-5CF4-4F0B-B1E2-90829E8E2F62}.Debug|Any CPU.ActiveCfg = Debug|Any CPU
		{B2141FC3-5CF4-4F0B-B1E2-90829E8E2F62}.Debug|Any CPU.Build.0 = Debug|Any CPU
		{B2141FC3-5CF4-4F0B-B1E2-90829E8E2F62}.Release|Any CPU.ActiveCfg = Release|Any CPU
		{B2141FC3-5CF4-4F0B-B1E2-90829E8E2F62}.Release|Any CPU.Build.0 = Release|Any CPU
		{4094640F-D5EB-4449-A50F-72BBB7AFE162}.Debug|Any CPU.ActiveCfg = Debug|Any CPU
		{4094640F-D5EB-4449-A50F-72BBB7AFE162}.Debug|Any CPU.Build.0 = Debug|Any CPU
		{4094640F-D5EB-4449-A50F-72BBB7AFE162}.Release|Any CPU.ActiveCfg = Release|Any CPU
		{4094640F-D5EB-4449-A50F-72BBB7AFE162}.Release|Any CPU.Build.0 = Release|Any CPU
	EndGlobalSection
	GlobalSection(SolutionProperties) = preSolution
		HideSolutionNode = FALSE
	EndGlobalSection
	GlobalSection(ExtensibilityGlobals) = postSolution
		SolutionGuid = {AEFAFCC8-685E-4406-A29F-46BE86E1DA5D}
	EndGlobalSection
EndGlobal
